// !$*UTF8*$!
{
	archiveVersion = 1;
	classes = {
	};
	objectVersion = 46;
	objects = {

/* Begin PBXBuildFile section */
		11EBF7A51C9A91DB004A29D2 /* main.m in Sources */ = {isa = PBXBuildFile; fileRef = 11EBF7A41C9A91DB004A29D2 /* main.m */; };
		11EBF7A81C9A91DB004A29D2 /* AppDelegate.m in Sources */ = {isa = PBXBuildFile; fileRef = 11EBF7A71C9A91DB004A29D2 /* AppDelegate.m */; };
		11EBF7AB1C9A91DB004A29D2 /* ViewController.m in Sources */ = {isa = PBXBuildFile; fileRef = 11EBF7AA1C9A91DB004A29D2 /* ViewController.m */; };
		11EBF7AE1C9A91DB004A29D2 /* Main.storyboard in Resources */ = {isa = PBXBuildFile; fileRef = 11EBF7AC1C9A91DB004A29D2 /* Main.storyboard */; };
		11EBF7B01C9A91DB004A29D2 /* Assets.xcassets in Resources */ = {isa = PBXBuildFile; fileRef = 11EBF7AF1C9A91DB004A29D2 /* Assets.xcassets */; };
		11EBF7B31C9A91DB004A29D2 /* LaunchScreen.storyboard in Resources */ = {isa = PBXBuildFile; fileRef = 11EBF7B11C9A91DB004A29D2 /* LaunchScreen.storyboard */; };
		11EBF7BE1C9A91DB004A29D2 /* hello_worldTests.m in Sources */ = {isa = PBXBuildFile; fileRef = 11EBF7BD1C9A91DB004A29D2 /* hello_worldTests.m */; };
		11EBF7C91C9A91DB004A29D2 /* hello_worldUITests.m in Sources */ = {isa = PBXBuildFile; fileRef = 11EBF7C81C9A91DB004A29D2 /* hello_worldUITests.m */; };
/* End PBXBuildFile section */

/* Begin PBXContainerItemProxy section */
		11EBF7BA1C9A91DB004A29D2 /* PBXContainerItemProxy */ = {
			isa = PBXContainerItemProxy;
			containerPortal = 11EBF7981C9A91DB004A29D2 /* Project object */;
			proxyType = 1;
			remoteGlobalIDString = 11EBF79F1C9A91DB004A29D2;
			remoteInfo = "hello world";
		};
		11EBF7C51C9A91DB004A29D2 /* PBXContainerItemProxy */ = {
			isa = PBXContainerItemProxy;
			containerPortal = 11EBF7981C9A91DB004A29D2 /* Project object */;
			proxyType = 1;
			remoteGlobalIDString = 11EBF79F1C9A91DB004A29D2;
			remoteInfo = "hello world";
		};
/* End PBXContainerItemProxy section */

/* Begin PBXFileReference section */
		11EBF7A01C9A91DB004A29D2 /* hello world.app */ = {isa = PBXFileReference; explicitFileType = wrapper.application; includeInIndex = 0; path = "hello world.app"; sourceTree = BUILT_PRODUCTS_DIR; };
		11EBF7A41C9A91DB004A29D2 /* main.m */ = {isa = PBXFileReference; lastKnownFileType = sourcecode.c.objc; path = main.m; sourceTree = "<group>"; };
		11EBF7A61C9A91DB004A29D2 /* AppDelegate.h */ = {isa = PBXFileReference; lastKnownFileType = sourcecode.c.h; path = AppDelegate.h; sourceTree = "<group>"; };
		11EBF7A71C9A91DB004A29D2 /* AppDelegate.m */ = {isa = PBXFileReference; lastKnownFileType = sourcecode.c.objc; path = AppDelegate.m; sourceTree = "<group>"; };
		11EBF7A91C9A91DB004A29D2 /* ViewController.h */ = {isa = PBXFileReference; lastKnownFileType = sourcecode.c.h; path = ViewController.h; sourceTree = "<group>"; };
		11EBF7AA1C9A91DB004A29D2 /* ViewController.m */ = {isa = PBXFileReference; lastKnownFileType = sourcecode.c.objc; path = ViewController.m; sourceTree = "<group>"; };
		11EBF7AD1C9A91DB004A29D2 /* Base */ = {isa = PBXFileReference; lastKnownFileType = file.storyboard; name = Base; path = Base.lproj/Main.storyboard; sourceTree = "<group>"; };
		11EBF7AF1C9A91DB004A29D2 /* Assets.xcassets */ = {isa = PBXFileReference; lastKnownFileType = folder.assetcatalog; path = Assets.xcassets; sourceTree = "<group>"; };
		11EBF7B21C9A91DB004A29D2 /* Base */ = {isa = PBXFileReference; lastKnownFileType = file.storyboard; name = Base; path = Base.lproj/LaunchScreen.storyboard; sourceTree = "<group>"; };
		11EBF7B41C9A91DB004A29D2 /* Info.plist */ = {isa = PBXFileReference; lastKnownFileType = text.plist.xml; path = Info.plist; sourceTree = "<group>"; };
		11EBF7B91C9A91DB004A29D2 /* hello worldTests.xctest */ = {isa = PBXFileReference; explicitFileType = wrapper.cfbundle; includeInIndex = 0; path = "hello worldTests.xctest"; sourceTree = BUILT_PRODUCTS_DIR; };
		11EBF7BD1C9A91DB004A29D2 /* hello_worldTests.m */ = {isa = PBXFileReference; lastKnownFileType = sourcecode.c.objc; path = hello_worldTests.m; sourceTree = "<group>"; };
		11EBF7BF1C9A91DB004A29D2 /* Info.plist */ = {isa = PBXFileReference; lastKnownFileType = text.plist.xml; path = Info.plist; sourceTree = "<group>"; };
		11EBF7C41C9A91DB004A29D2 /* hello worldUITests.xctest */ = {isa = PBXFileReference; explicitFileType = wrapper.cfbundle; includeInIndex = 0; path = "hello worldUITests.xctest"; sourceTree = BUILT_PRODUCTS_DIR; };
		11EBF7C81C9A91DB004A29D2 /* hello_worldUITests.m */ = {isa = PBXFileReference; lastKnownFileType = sourcecode.c.objc; path = hello_worldUITests.m; sourceTree = "<group>"; };
		11EBF7CA1C9A91DB004A29D2 /* Info.plist */ = {isa = PBXFileReference; lastKnownFileType = text.plist.xml; path = Info.plist; sourceTree = "<group>"; };
/* End PBXFileReference section */

/* Begin PBXFrameworksBuildPhase section */
		11EBF79D1C9A91DB004A29D2 /* Frameworks */ = {
			isa = PBXFrameworksBuildPhase;
			buildActionMask = 2147483647;
			files = (
			);
			runOnlyForDeploymentPostprocessing = 0;
		};
		11EBF7B61C9A91DB004A29D2 /* Frameworks */ = {
			isa = PBXFrameworksBuildPhase;
			buildActionMask = 2147483647;
			files = (
			);
			runOnlyForDeploymentPostprocessing = 0;
		};
		11EBF7C11C9A91DB004A29D2 /* Frameworks */ = {
			isa = PBXFrameworksBuildPhase;
			buildActionMask = 2147483647;
			files = (
			);
			runOnlyForDeploymentPostprocessing = 0;
		};
/* End PBXFrameworksBuildPhase section */

/* Begin PBXGroup section */
		11EBF7971C9A91DB004A29D2 = {
			isa = PBXGroup;
			children = (
				11EBF7A21C9A91DB004A29D2 /* hello world */,
				11EBF7BC1C9A91DB004A29D2 /* hello worldTests */,
				11EBF7C71C9A91DB004A29D2 /* hello worldUITests */,
				11EBF7A11C9A91DB004A29D2 /* Products */,
			);
			sourceTree = "<group>";
		};
		11EBF7A11C9A91DB004A29D2 /* Products */ = {
			isa = PBXGroup;
			children = (
				11EBF7A01C9A91DB004A29D2 /* hello world.app */,
				11EBF7B91C9A91DB004A29D2 /* hello worldTests.xctest */,
				11EBF7C41C9A91DB004A29D2 /* hello worldUITests.xctest */,
			);
			name = Products;
			sourceTree = "<group>";
		};
		11EBF7A21C9A91DB004A29D2 /* hello world */ = {
			isa = PBXGroup;
			children = (
				11EBF7A61C9A91DB004A29D2 /* AppDelegate.h */,
				11EBF7A71C9A91DB004A29D2 /* AppDelegate.m */,
				11EBF7A91C9A91DB004A29D2 /* ViewController.h */,
				11EBF7AA1C9A91DB004A29D2 /* ViewController.m */,
				11EBF7AC1C9A91DB004A29D2 /* Main.storyboard */,
				11EBF7AF1C9A91DB004A29D2 /* Assets.xcassets */,
				11EBF7B11C9A91DB004A29D2 /* LaunchScreen.storyboard */,
				11EBF7B41C9A91DB004A29D2 /* Info.plist */,
				11EBF7A31C9A91DB004A29D2 /* Supporting Files */,
			);
			path = "hello world";
			sourceTree = "<group>";
		};
		11EBF7A31C9A91DB004A29D2 /* Supporting Files */ = {
			isa = PBXGroup;
			children = (
				11EBF7A41C9A91DB004A29D2 /* main.m */,
			);
			name = "Supporting Files";
			sourceTree = "<group>";
		};
		11EBF7BC1C9A91DB004A29D2 /* hello worldTests */ = {
			isa = PBXGroup;
			children = (
				11EBF7BD1C9A91DB004A29D2 /* hello_worldTests.m */,
				11EBF7BF1C9A91DB004A29D2 /* Info.plist */,
			);
			path = "hello worldTests";
			sourceTree = "<group>";
		};
		11EBF7C71C9A91DB004A29D2 /* hello worldUITests */ = {
			isa = PBXGroup;
			children = (
				11EBF7C81C9A91DB004A29D2 /* hello_worldUITests.m */,
				11EBF7CA1C9A91DB004A29D2 /* Info.plist */,
			);
			path = "hello worldUITests";
			sourceTree = "<group>";
		};
/* End PBXGroup section */

/* Begin PBXNativeTarget section */
		11EBF79F1C9A91DB004A29D2 /* hello world */ = {
			isa = PBXNativeTarget;
			buildConfigurationList = 11EBF7CD1C9A91DB004A29D2 /* Build configuration list for PBXNativeTarget "hello world" */;
			buildPhases = (
				11EBF79C1C9A91DB004A29D2 /* Sources */,
				11EBF79D1C9A91DB004A29D2 /* Frameworks */,
				11EBF79E1C9A91DB004A29D2 /* Resources */,
			);
			buildRules = (
			);
			dependencies = (
			);
			name = "hello world";
			productName = "hello world";
			productReference = 11EBF7A01C9A91DB004A29D2 /* hello world.app */;
			productType = "com.apple.product-type.application";
		};
		11EBF7B81C9A91DB004A29D2 /* hello worldTests */ = {
			isa = PBXNativeTarget;
			buildConfigurationList = 11EBF7D01C9A91DB004A29D2 /* Build configuration list for PBXNativeTarget "hello worldTests" */;
			buildPhases = (
				11EBF7B51C9A91DB004A29D2 /* Sources */,
				11EBF7B61C9A91DB004A29D2 /* Frameworks */,
				11EBF7B71C9A91DB004A29D2 /* Resources */,
			);
			buildRules = (
			);
			dependencies = (
				11EBF7BB1C9A91DB004A29D2 /* PBXTargetDependency */,
			);
			name = "hello worldTests";
			productName = "hello worldTests";
			productReference = 11EBF7B91C9A91DB004A29D2 /* hello worldTests.xctest */;
			productType = "com.apple.product-type.bundle.unit-test";
		};
		11EBF7C31C9A91DB004A29D2 /* hello worldUITests */ = {
			isa = PBXNativeTarget;
			buildConfigurationList = 11EBF7D31C9A91DB004A29D2 /* Build configuration list for PBXNativeTarget "hello worldUITests" */;
			buildPhases = (
				11EBF7C01C9A91DB004A29D2 /* Sources */,
				11EBF7C11C9A91DB004A29D2 /* Frameworks */,
				11EBF7C21C9A91DB004A29D2 /* Resources */,
			);
			buildRules = (
			);
			dependencies = (
				11EBF7C61C9A91DB004A29D2 /* PBXTargetDependency */,
			);
			name = "hello worldUITests";
			productName = "hello worldUITests";
			productReference = 11EBF7C41C9A91DB004A29D2 /* hello worldUITests.xctest */;
			productType = "com.apple.product-type.bundle.ui-testing";
		};
/* End PBXNativeTarget section */

/* Begin PBXProject section */
		11EBF7981C9A91DB004A29D2 /* Project object */ = {
			isa = PBXProject;
			attributes = {
				LastUpgradeCheck = 0720;
				ORGANIZATIONNAME = sy;
				TargetAttributes = {
					11EBF79F1C9A91DB004A29D2 = {
						CreatedOnToolsVersion = 7.2;
						DevelopmentTeam = 3V8Y7777M5;
					};
					11EBF7B81C9A91DB004A29D2 = {
						CreatedOnToolsVersion = 7.2;
						DevelopmentTeam = 3V8Y7777M5;
						TestTargetID = 11EBF79F1C9A91DB004A29D2;
					};
					11EBF7C31C9A91DB004A29D2 = {
						CreatedOnToolsVersion = 7.2;
						DevelopmentTeam = 3V8Y7777M5;
						TestTargetID = 11EBF79F1C9A91DB004A29D2;
					};
				};
			};
			buildConfigurationList = 11EBF79B1C9A91DB004A29D2 /* Build configuration list for PBXProject "hello world" */;
			compatibilityVersion = "Xcode 3.2";
			developmentRegion = English;
			hasScannedForEncodings = 0;
			knownRegions = (
				en,
				Base,
			);
			mainGroup = 11EBF7971C9A91DB004A29D2;
			productRefGroup = 11EBF7A11C9A91DB004A29D2 /* Products */;
			projectDirPath = "";
			projectRoot = "";
			targets = (
				11EBF79F1C9A91DB004A29D2 /* hello world */,
				11EBF7B81C9A91DB004A29D2 /* hello worldTests */,
				11EBF7C31C9A91DB004A29D2 /* hello worldUITests */,
			);
		};
/* End PBXProject section */

/* Begin PBXResourcesBuildPhase section */
		11EBF79E1C9A91DB004A29D2 /* Resources */ = {
			isa = PBXResourcesBuildPhase;
			buildActionMask = 2147483647;
			files = (
				11EBF7B31C9A91DB004A29D2 /* LaunchScreen.storyboard in Resources */,
				11EBF7B01C9A91DB004A29D2 /* Assets.xcassets in Resources */,
				11EBF7AE1C9A91DB004A29D2 /* Main.storyboard in Resources */,
			);
			runOnlyForDeploymentPostprocessing = 0;
		};
		11EBF7B71C9A91DB004A29D2 /* Resources */ = {
			isa = PBXResourcesBuildPhase;
			buildActionMask = 2147483647;
			files = (
			);
			runOnlyForDeploymentPostprocessing = 0;
		};
		11EBF7C21C9A91DB004A29D2 /* Resources */ = {
			isa = PBXResourcesBuildPhase;
			buildActionMask = 2147483647;
			files = (
			);
			runOnlyForDeploymentPostprocessing = 0;
		};
/* End PBXResourcesBuildPhase section */

/* Begin PBXSourcesBuildPhase section */
		11EBF79C1C9A91DB004A29D2 /* Sources */ = {
			isa = PBXSourcesBuildPhase;
			buildActionMask = 2147483647;
			files = (
				11EBF7AB1C9A91DB004A29D2 /* ViewController.m in Sources */,
				11EBF7A81C9A91DB004A29D2 /* AppDelegate.m in Sources */,
				11EBF7A51C9A91DB004A29D2 /* main.m in Sources */,
			);
			runOnlyForDeploymentPostprocessing = 0;
		};
		11EBF7B51C9A91DB004A29D2 /* Sources */ = {
			isa = PBXSourcesBuildPhase;
			buildActionMask = 2147483647;
			files = (
				11EBF7BE1C9A91DB004A29D2 /* hello_worldTests.m in Sources */,
			);
			runOnlyForDeploymentPostprocessing = 0;
		};
		11EBF7C01C9A91DB004A29D2 /* Sources */ = {
			isa = PBXSourcesBuildPhase;
			buildActionMask = 2147483647;
			files = (
				11EBF7C91C9A91DB004A29D2 /* hello_worldUITests.m in Sources */,
			);
			runOnlyForDeploymentPostprocessing = 0;
		};
/* End PBXSourcesBuildPhase section */

/* Begin PBXTargetDependency section */
		11EBF7BB1C9A91DB004A29D2 /* PBXTargetDependency */ = {
			isa = PBXTargetDependency;
			target = 11EBF79F1C9A91DB004A29D2 /* hello world */;
			targetProxy = 11EBF7BA1C9A91DB004A29D2 /* PBXContainerItemProxy */;
		};
		11EBF7C61C9A91DB004A29D2 /* PBXTargetDependency */ = {
			isa = PBXTargetDependency;
			target = 11EBF79F1C9A91DB004A29D2 /* hello world */;
			targetProxy = 11EBF7C51C9A91DB004A29D2 /* PBXContainerItemProxy */;
		};
/* End PBXTargetDependency section */

/* Begin PBXVariantGroup section */
		11EBF7AC1C9A91DB004A29D2 /* Main.storyboard */ = {
			isa = PBXVariantGroup;
			children = (
				11EBF7AD1C9A91DB004A29D2 /* Base */,
			);
			name = Main.storyboard;
			sourceTree = "<group>";
		};
		11EBF7B11C9A91DB004A29D2 /* LaunchScreen.storyboard */ = {
			isa = PBXVariantGroup;
			children = (
				11EBF7B21C9A91DB004A29D2 /* Base */,
			);
			name = LaunchScreen.storyboard;
			sourceTree = "<group>";
		};
/* End PBXVariantGroup section */

/* Begin XCBuildConfiguration section */
		11EBF7CB1C9A91DB004A29D2 /* Debug */ = {
			isa = XCBuildConfiguration;
			buildSettings = {
				ALWAYS_SEARCH_USER_PATHS = NO;
				CLANG_CXX_LANGUAGE_STANDARD = "gnu++0x";
				CLANG_CXX_LIBRARY = "libc++";
				CLANG_ENABLE_MODULES = YES;
				CLANG_ENABLE_OBJC_ARC = YES;
				CLANG_WARN_BOOL_CONVERSION = YES;
				CLANG_WARN_CONSTANT_CONVERSION = YES;
				CLANG_WARN_DIRECT_OBJC_ISA_USAGE = YES_ERROR;
				CLANG_WARN_EMPTY_BODY = YES;
				CLANG_WARN_ENUM_CONVERSION = YES;
				CLANG_WARN_INT_CONVERSION = YES;
				CLANG_WARN_OBJC_ROOT_CLASS = YES_ERROR;
				CLANG_WARN_UNREACHABLE_CODE = YES;
				CLANG_WARN__DUPLICATE_METHOD_MATCH = YES;
				"CODE_SIGN_IDENTITY[sdk=iphoneos*]" = "iPhone Developer";
				COPY_PHASE_STRIP = NO;
				DEBUG_INFORMATION_FORMAT = dwarf;
				ENABLE_STRICT_OBJC_MSGSEND = YES;
				ENABLE_TESTABILITY = YES;
				GCC_C_LANGUAGE_STANDARD = gnu99;
				GCC_DYNAMIC_NO_PIC = NO;
				GCC_NO_COMMON_BLOCKS = YES;
				GCC_OPTIMIZATION_LEVEL = 0;
				GCC_PREPROCESSOR_DEFINITIONS = (
					"DEBUG=1",
					"$(inherited)",
				);
				GCC_WARN_64_TO_32_BIT_CONVERSION = YES;
				GCC_WARN_ABOUT_RETURN_TYPE = YES_ERROR;
				GCC_WARN_UNDECLARED_SELECTOR = YES;
				GCC_WARN_UNINITIALIZED_AUTOS = YES_AGGRESSIVE;
				GCC_WARN_UNUSED_FUNCTION = YES;
				GCC_WARN_UNUSED_VARIABLE = YES;
				IPHONEOS_DEPLOYMENT_TARGET = 9.2;
				MTL_ENABLE_DEBUG_INFO = YES;
				ONLY_ACTIVE_ARCH = YES;
				SDKROOT = iphoneos;
			};
			name = Debug;
		};
		11EBF7CC1C9A91DB004A29D2 /* Release */ = {
			isa = XCBuildConfiguration;
			buildSettings = {
				ALWAYS_SEARCH_USER_PATHS = NO;
				CLANG_CXX_LANGUAGE_STANDARD = "gnu++0x";
				CLANG_CXX_LIBRARY = "libc++";
				CLANG_ENABLE_MODULES = YES;
				CLANG_ENABLE_OBJC_ARC = YES;
				CLANG_WARN_BOOL_CONVERSION = YES;
				CLANG_WARN_CONSTANT_CONVERSION = YES;
				CLANG_WARN_DIRECT_OBJC_ISA_USAGE = YES_ERROR;
				CLANG_WARN_EMPTY_BODY = YES;
				CLANG_WARN_ENUM_CONVERSION = YES;
				CLANG_WARN_INT_CONVERSION = YES;
				CLANG_WARN_OBJC_ROOT_CLASS = YES_ERROR;
				CLANG_WARN_UNREACHABLE_CODE = YES;
				CLANG_WARN__DUPLICATE_METHOD_MATCH = YES;
				"CODE_SIGN_IDENTITY[sdk=iphoneos*]" = "iPhone Developer";
				COPY_PHASE_STRIP = NO;
				DEBUG_INFORMATION_FORMAT = "dwarf-with-dsym";
				ENABLE_NS_ASSERTIONS = NO;
				ENABLE_STRICT_OBJC_MSGSEND = YES;
				GCC_C_LANGUAGE_STANDARD = gnu99;
				GCC_NO_COMMON_BLOCKS = YES;
				GCC_WARN_64_TO_32_BIT_CONVERSION = YES;
				GCC_WARN_ABOUT_RETURN_TYPE = YES_ERROR;
				GCC_WARN_UNDECLARED_SELECTOR = YES;
				GCC_WARN_UNINITIALIZED_AUTOS = YES_AGGRESSIVE;
				GCC_WARN_UNUSED_FUNCTION = YES;
				GCC_WARN_UNUSED_VARIABLE = YES;
				IPHONEOS_DEPLOYMENT_TARGET = 9.2;
				MTL_ENABLE_DEBUG_INFO = NO;
				SDKROOT = iphoneos;
				VALIDATE_PRODUCT = YES;
			};
			name = Release;
		};
		11EBF7CE1C9A91DB004A29D2 /* Debug */ = {
			isa = XCBuildConfiguration;
			buildSettings = {
				ASSETCATALOG_COMPILER_APPICON_NAME = AppIcon;
				INFOPLIST_FILE = "hello world/Info.plist";
				LD_RUNPATH_SEARCH_PATHS = "$(inherited) @executable_path/Frameworks";
				PRODUCT_BUNDLE_IDENTIFIER = "cn.sun.hello-world";
				PRODUCT_NAME = "$(TARGET_NAME)";
			};
			name = Debug;
		};
		11EBF7CF1C9A91DB004A29D2 /* Release */ = {
			isa = XCBuildConfiguration;
			buildSettings = {
				ASSETCATALOG_COMPILER_APPICON_NAME = AppIcon;
				INFOPLIST_FILE = "hello world/Info.plist";
				LD_RUNPATH_SEARCH_PATHS = "$(inherited) @executable_path/Frameworks";
				PRODUCT_BUNDLE_IDENTIFIER = "cn.sun.hello-world";
				PRODUCT_NAME = "$(TARGET_NAME)";
			};
			name = Release;
		};
		11EBF7D11C9A91DB004A29D2 /* Debug */ = {
			isa = XCBuildConfiguration;
			buildSettings = {
				BUNDLE_LOADER = "$(TEST_HOST)";
				INFOPLIST_FILE = "hello worldTests/Info.plist";
				LD_RUNPATH_SEARCH_PATHS = "$(inherited) @executable_path/Frameworks @loader_path/Frameworks";
				PRODUCT_BUNDLE_IDENTIFIER = "cn.sun.hello-worldTests";
				PRODUCT_NAME = "$(TARGET_NAME)";
				TEST_HOST = "$(BUILT_PRODUCTS_DIR)/hello world.app/hello world";
			};
			name = Debug;
		};
		11EBF7D21C9A91DB004A29D2 /* Release */ = {
			isa = XCBuildConfiguration;
			buildSettings = {
				BUNDLE_LOADER = "$(TEST_HOST)";
				INFOPLIST_FILE = "hello worldTests/Info.plist";
				LD_RUNPATH_SEARCH_PATHS = "$(inherited) @executable_path/Frameworks @loader_path/Frameworks";
				PRODUCT_BUNDLE_IDENTIFIER = "cn.sun.hello-worldTests";
				PRODUCT_NAME = "$(TARGET_NAME)";
				TEST_HOST = "$(BUILT_PRODUCTS_DIR)/hello world.app/hello world";
			};
			name = Release;
		};
		11EBF7D41C9A91DB004A29D2 /* Debug */ = {
			isa = XCBuildConfiguration;
			buildSettings = {
				INFOPLIST_FILE = "hello worldUITests/Info.plist";
				LD_RUNPATH_SEARCH_PATHS = "$(inherited) @executable_path/Frameworks @loader_path/Frameworks";
				PRODUCT_BUNDLE_IDENTIFIER = "cn.sun.hello-worldUITests";
				PRODUCT_NAME = "$(TARGET_NAME)";
				TEST_TARGET_NAME = "hello world";
				USES_XCTRUNNER = YES;
			};
			name = Debug;
		};
		11EBF7D51C9A91DB004A29D2 /* Release */ = {
			isa = XCBuildConfiguration;
			buildSettings = {
				INFOPLIST_FILE = "hello worldUITests/Info.plist";
				LD_RUNPATH_SEARCH_PATHS = "$(inherited) @executable_path/Frameworks @loader_path/Frameworks";
				PRODUCT_BUNDLE_IDENTIFIER = "cn.sun.hello-worldUITests";
				PRODUCT_NAME = "$(TARGET_NAME)";
				TEST_TARGET_NAME = "hello world";
				USES_XCTRUNNER = YES;
			};
			name = Release;
		};
/* End XCBuildConfiguration section */

/* Begin XCConfigurationList section */
		11EBF79B1C9A91DB004A29D2 /* Build configuration list for PBXProject "hello world" */ = {
			isa = XCConfigurationList;
			buildConfigurations = (
				11EBF7CB1C9A91DB004A29D2 /* Debug */,
				11EBF7CC1C9A91DB004A29D2 /* Release */,
			);
			defaultConfigurationIsVisible = 0;
			defaultConfigurationName = Release;
		};
		11EBF7CD1C9A91DB004A29D2 /* Build configuration list for PBXNativeTarget "hello world" */ = {
			isa = XCConfigurationList;
			buildConfigurations = (
				11EBF7CE1C9A91DB004A29D2 /* Debug */,
				11EBF7CF1C9A91DB004A29D2 /* Release */,
			);
			defaultConfigurationIsVisible = 0;
		};
		11EBF7D01C9A91DB004A29D2 /* Build configuration list for PBXNativeTarget "hello worldTests" */ = {
			isa = XCConfigurationList;
			buildConfigurations = (
				11EBF7D11C9A91DB004A29D2 /* Debug */,
				11EBF7D21C9A91DB004A29D2 /* Release */,
			);
			defaultConfigurationIsVisible = 0;
		};
		11EBF7D31C9A91DB004A29D2 /* Build configuration list for PBXNativeTarget "hello worldUITests" */ = {
			isa = XCConfigurationList;
			buildConfigurations = (
				11EBF7D41C9A91DB004A29D2 /* Debug */,
				11EBF7D51C9A91DB004A29D2 /* Release */,
			);
			defaultConfigurationIsVisible = 0;
		};
/* End XCConfigurationList section */
	};
	rootObject = 11EBF7981C9A91DB004A29D2 /* Project object */;
}
